
Microsoft Visual Studio Solution File, Format Version 12.00
# Visual Studio 15
VisualStudioVersion = 15.0.27428.2037
MinimumVisualStudioVersion = 10.0.40219.1
Project("{FAE04EC0-301F-11D3-BF4B-00C04F79EFBC}") = "AioRemoteExtension", "AioRemoteExtension\AioRemoteExtension.csproj", "{9C47F9AB-550B-4C20-8133-B6EDFE19CF88}"
EndProject
Project("{9A19103F-16F7-4668-BE54-9A1E7A4F7556}") = "AioRemoteServer", "AioRemoteServer\AioRemoteServer.csproj", "{00B9102A-2153-43BC-B925-35F33F95A54D}"
EndProject
Project("{9A19103F-16F7-4668-BE54-9A1E7A4F7556}") = "Models", "Models\Models.csproj", "{0948269D-74B2-4E7E-BC8D-2C368384976F}"
EndProject
Project("{FAE04EC0-301F-11D3-BF4B-00C04F79EFBC}") = "AIORClient", "AIORClient\AIORClient.csproj", "{F631E74F-511C-4C28-880C-4CA2104CBBEF}"
EndProject
Global
	GlobalSection(SolutionConfigurationPlatforms) = preSolution
		Debug|Any CPU = Debug|Any CPU
		Release|Any CPU = Release|Any CPU
	EndGlobalSection
	GlobalSection(ProjectConfigurationPlatforms) = postSolution
		{9C47F9AB-550B-4C20-8133-B6EDFE19CF88}.Debug|Any CPU.ActiveCfg = Debug|Any CPU
		{9C47F9AB-550B-4C20-8133-B6EDFE19CF88}.Debug|Any CPU.Build.0 = Debug|Any CPU
		{9C47F9AB-550B-4C20-8133-B6EDFE19CF88}.Release|Any CPU.ActiveCfg = Release|Any CPU
		{9C47F9AB-550B-4C20-8133-B6EDFE19CF88}.Release|Any CPU.Build.0 = Release|Any CPU
		{00B9102A-2153-43BC-B925-35F33F95A54D}.Debug|Any CPU.ActiveCfg = Debug|Any CPU
		{00B9102A-2153-43BC-B925-35F33F95A54D}.Debug|Any CPU.Build.0 = Debug|Any CPU
		{00B9102A-2153-43BC-B925-35F33F95A54D}.Release|Any CPU.ActiveCfg = Release|Any CPU
		{00B9102A-2153-43BC-B925-35F33F95A54D}.Release|Any CPU.Build.0 = Release|Any CPU
		{0948269D-74B2-4E7E-BC8D-2C368384976F}.Debug|Any CPU.ActiveCfg = Debug|Any CPU
		{0948269D-74B2-4E7E-BC8D-2C368384976F}.Debug|Any CPU.Build.0 = Debug|Any CPU
		{0948269D-74B2-4E7E-BC8D-2C368384976F}.Release|Any CPU.ActiveCfg = Release|Any CPU
		{0948269D-74B2-4E7E-BC8D-2C368384976F}.Release|Any CPU.Build.0 = Release|Any CPU
		{F631E74F-511C-4C28-880C-4CA2104CBBEF}.Debug|Any CPU.ActiveCfg = Debug|Any CPU
		{F631E74F-511C-4C28-880C-4CA2104CBBEF}.Debug|Any CPU.Build.0 = Debug|Any CPU
		{F631E74F-511C-4C28-880C-4CA2104CBBEF}.Release|Any CPU.ActiveCfg = Release|Any CPU
		{F631E74F-511C-4C28-880C-4CA2104CBBEF}.Release|Any CPU.Build.0 = Release|Any CPU
	EndGlobalSection
	GlobalSection(SolutionProperties) = preSolution
		HideSolutionNode = FALSE
	EndGlobalSection
	GlobalSection(ExtensibilityGlobals) = postSolution
		SolutionGuid = {7F4B4C13-B56C-4497-86F6-0AC4B9BCEC2D}
	EndGlobalSection
EndGlobal
